
Microsoft Visual Studio Solution File, Format Version 12.00
# Visual Studio Version 17
VisualStudioVersion = 17.0.31903.59
MinimumVisualStudioVersion = 10.0.40219.1
Project("{FAE04EC0-301F-11D3-BF4B-00C04F79EFBC}") = "minimal-api", "Api\minimal-api.csproj", "{CE330202-E42A-428E-BFE1-BE5961708F7B}"
EndProject
Project("{FAE04EC0-301F-11D3-BF4B-00C04F79EFBC}") = "Test", "Test\Test.csproj", "{18A92F89-C0E8-411D-BB60-E5E209C88655}"
EndProject
Global
	GlobalSection(SolutionConfigurationPlatforms) = preSolution
		Debug|Any CPU = Debug|Any CPU
		Release|Any CPU = Release|Any CPU
	EndGlobalSection
	GlobalSection(SolutionProperties) = preSolution
		HideSolutionNode = FALSE
	EndGlobalSection
	GlobalSection(ProjectConfigurationPlatforms) = postSolution
		{CE330202-E42A-428E-BFE1-BE5961708F7B}.Debug|Any CPU.ActiveCfg = Debug|Any CPU
		{CE330202-E42A-428E-BFE1-BE5961708F7B}.Debug|Any CPU.Build.0 = Debug|Any CPU
		{CE330202-E42A-428E-BFE1-BE5961708F7B}.Release|Any CPU.ActiveCfg = Release|Any CPU
		{CE330202-E42A-428E-BFE1-BE5961708F7B}.Release|Any CPU.Build.0 = Release|Any CPU
		{18A92F89-C0E8-411D-BB60-E5E209C88655}.Debug|Any CPU.ActiveCfg = Debug|Any CPU
		{18A92F89-C0E8-411D-BB60-E5E209C88655}.Debug|Any CPU.Build.0 = Debug|Any CPU
		{18A92F89-C0E8-411D-BB60-E5E209C88655}.Release|Any CPU.ActiveCfg = Release|Any CPU
		{18A92F89-C0E8-411D-BB60-E5E209C88655}.Release|Any CPU.Build.0 = Release|Any CPU
	EndGlobalSection
EndGlobal
